
Microsoft Visual Studio Solution File, Format Version 12.00
# Visual Studio Version 17
VisualStudioVersion = 17.4.33205.214
MinimumVisualStudioVersion = 10.0.40219.1
Project("{FAE04EC0-301F-11D3-BF4B-00C04F79EFBC}") = "ConvertorLibs", "ConvertorLibs.csproj", "{75FCB431-E910-4A14-BC34-6F10597C3DDD}"
EndProject
Project("{FAE04EC0-301F-11D3-BF4B-00C04F79EFBC}") = "ConverterTest", "..\ConverterTest\ConverterTest.csproj", "{87B19D72-3E87-4B4A-827D-6C6DEFBCDE61}"
EndProject
Global
	GlobalSection(SolutionConfigurationPlatforms) = preSolution
		Debug|Any CPU = Debug|Any CPU
		Release|Any CPU = Release|Any CPU
	EndGlobalSection
	GlobalSection(ProjectConfigurationPlatforms) = postSolution
		{75FCB431-E910-4A14-BC34-6F10597C3DDD}.Debug|Any CPU.ActiveCfg = Debug|Any CPU
		{75FCB431-E910-4A14-BC34-6F10597C3DDD}.Debug|Any CPU.Build.0 = Debug|Any CPU
		{75FCB431-E910-4A14-BC34-6F10597C3DDD}.Release|Any CPU.ActiveCfg = Release|Any CPU
		{75FCB431-E910-4A14-BC34-6F10597C3DDD}.Release|Any CPU.Build.0 = Release|Any CPU
		{87B19D72-3E87-4B4A-827D-6C6DEFBCDE61}.Debug|Any CPU.ActiveCfg = Debug|Any CPU
		{87B19D72-3E87-4B4A-827D-6C6DEFBCDE61}.Debug|Any CPU.Build.0 = Debug|Any CPU
		{87B19D72-3E87-4B4A-827D-6C6DEFBCDE61}.Release|Any CPU.ActiveCfg = Release|Any CPU
		{87B19D72-3E87-4B4A-827D-6C6DEFBCDE61}.Release|Any CPU.Build.0 = Release|Any CPU
	EndGlobalSection
	GlobalSection(SolutionProperties) = preSolution
		HideSolutionNode = FALSE
	EndGlobalSection
	GlobalSection(ExtensibilityGlobals) = postSolution
		SolutionGuid = {7E0BCCC7-0FD7-422D-BB9C-BFE79515C8BE}
	EndGlobalSection
EndGlobal
